
Microsoft Visual Studio Solution File, Format Version 12.00
# Visual Studio Version 17
VisualStudioVersion = 17.2.32616.157
MinimumVisualStudioVersion = 10.0.40219.1
Project("{FAE04EC0-301F-11D3-BF4B-00C04F79EFBC}") = "PRUEBA NEAXIS", "PRUEBA NEAXIS\PRUEBA NEAXIS.csproj", "{8F018307-DE86-46EB-90C4-AB9D543A4727}"
EndProject
Global
	GlobalSection(SolutionConfigurationPlatforms) = preSolution
		Debug|Any CPU = Debug|Any CPU
		Release|Any CPU = Release|Any CPU
	EndGlobalSection
	GlobalSection(ProjectConfigurationPlatforms) = postSolution
		{8F018307-DE86-46EB-90C4-AB9D543A4727}.Debug|Any CPU.ActiveCfg = Debug|Any CPU
		{8F018307-DE86-46EB-90C4-AB9D543A4727}.Debug|Any CPU.Build.0 = Debug|Any CPU
		{8F018307-DE86-46EB-90C4-AB9D543A4727}.Release|Any CPU.ActiveCfg = Release|Any CPU
		{8F018307-DE86-46EB-90C4-AB9D543A4727}.Release|Any CPU.Build.0 = Release|Any CPU
	EndGlobalSection
	GlobalSection(SolutionProperties) = preSolution
		HideSolutionNode = FALSE
	EndGlobalSection
	GlobalSection(ExtensibilityGlobals) = postSolution
		SolutionGuid = {FBE03241-20D6-44B1-96FA-332799DF9B02}
	EndGlobalSection
EndGlobal
